
Microsoft Visual Studio Solution File, Format Version 12.00
# Visual Studio Version 17
VisualStudioVersion = 17.9.34622.214
MinimumVisualStudioVersion = 10.0.40219.1
Project("{FAE04EC0-301F-11D3-BF4B-00C04F79EFBC}") = "WinFormsApp1", "WinFormsApp1.csproj", "{E076D422-196D-4A28-AE2C-8EC0A5DED86A}"
EndProject
Global
	GlobalSection(SolutionConfigurationPlatforms) = preSolution
		Debug|Any CPU = Debug|Any CPU
		Release|Any CPU = Release|Any CPU
	EndGlobalSection
	GlobalSection(ProjectConfigurationPlatforms) = postSolution
		{E076D422-196D-4A28-AE2C-8EC0A5DED86A}.Debug|Any CPU.ActiveCfg = Debug|Any CPU
		{E076D422-196D-4A28-AE2C-8EC0A5DED86A}.Debug|Any CPU.Build.0 = Debug|Any CPU
		{E076D422-196D-4A28-AE2C-8EC0A5DED86A}.Release|Any CPU.ActiveCfg = Release|Any CPU
		{E076D422-196D-4A28-AE2C-8EC0A5DED86A}.Release|Any CPU.Build.0 = Release|Any CPU
	EndGlobalSection
	GlobalSection(SolutionProperties) = preSolution
		HideSolutionNode = FALSE
	EndGlobalSection
	GlobalSection(ExtensibilityGlobals) = postSolution
		SolutionGuid = {A66E314D-D76C-41B0-9E31-A922E108D54D}
	EndGlobalSection
EndGlobal
